lockfileVersion: '9.0'

settings:
  autoInstallPeers: true
  excludeLinksFromLockfile: false

importers:

  .:
    dependencies:
      clsx:
        specifier: ^2.1.1
        version: 2.1.1
      tailwind-merge:
        specifier: ^2.5.2
        version: 2.5.2
      tslib:
        specifier: ^2.3.0
        version: 2.6.3

packages:

  clsx@2.1.1:
    resolution: {integrity: sha512-eYm0QWBtUrBWZWG0d386OGAw16Z995PiOVo2B7bjWSbHedGl5e0ZWaq65kOGgUSNesEIDkB9ISbTg/JK9dhCZA==}
    engines: {node: '>=6'}

  tailwind-merge@2.5.2:
    resolution: {integrity: sha512-kjEBm+pvD+6eAwzJL2Bi+02/9LFLal1Gs61+QB7HvTfQQ0aXwC5LGT8PEt1gS0CWKktKe6ysPTAy3cBC5MeiIg==}

  tslib@2.6.3:
    resolution: {integrity: sha512-xNvxJEOUiWPGhUuUdQgAJPKOOJfGnIyKySOc09XkKsgdUV/3E2zvwZYdejjmRgPCgcym1juLH3226yA7sEFJKQ==}

snapshots:

  clsx@2.1.1: {}

  tailwind-merge@2.5.2: {}

  tslib@2.6.3: {}
